
Microsoft Visual Studio Solution File, Format Version 12.00
# Visual Studio 15
VisualStudioVersion = 15.0.27004.2006
MinimumVisualStudioVersion = 10.0.40219.1
Project("{FAE04EC0-301F-11D3-BF4B-00C04F79EFBC}") = "CSimple", "CSimple\CSimple.csproj", "{EDF8EAD7-7829-43D8-BF00-A2078F1A0263}"
EndProject
Global
	GlobalSection(SolutionConfigurationPlatforms) = preSolution
		Debug|Any CPU = Debug|Any CPU
		Release|Any CPU = Release|Any CPU
	EndGlobalSection
	GlobalSection(ProjectConfigurationPlatforms) = postSolution
		{EDF8EAD7-7829-43D8-BF00-A2078F1A0263}.Debug|Any CPU.ActiveCfg = Debug|Any CPU
		{EDF8EAD7-7829-43D8-BF00-A2078F1A0263}.Debug|Any CPU.Build.0 = Debug|Any CPU
		{EDF8EAD7-7829-43D8-BF00-A2078F1A0263}.Release|Any CPU.ActiveCfg = Release|Any CPU
		{EDF8EAD7-7829-43D8-BF00-A2078F1A0263}.Release|Any CPU.Build.0 = Release|Any CPU
	EndGlobalSection
	GlobalSection(SolutionProperties) = preSolution
		HideSolutionNode = FALSE
	EndGlobalSection
	GlobalSection(ExtensibilityGlobals) = postSolution
		SolutionGuid = {7F92620F-2007-4ED2-B39F-E34226B0AA69}
	EndGlobalSection
EndGlobal
